
Microsoft Visual Studio Solution File, Format Version 12.00
# Visual Studio Version 17
VisualStudioVersion = 17.2.32526.322
MinimumVisualStudioVersion = 10.0.40219.1
Project("{FAE04EC0-301F-11D3-BF4B-00C04F79EFBC}") = "RodStephensAlgorithms", "RodStephensAlgorithms.csproj", "{6B71CD8E-355B-43F0-ACAD-219CC33FE316}"
EndProject
Global
	GlobalSection(SolutionConfigurationPlatforms) = preSolution
		Debug|Any CPU = Debug|Any CPU
		Release|Any CPU = Release|Any CPU
	EndGlobalSection
	GlobalSection(ProjectConfigurationPlatforms) = postSolution
		{6B71CD8E-355B-43F0-ACAD-219CC33FE316}.Debug|Any CPU.ActiveCfg = Debug|Any CPU
		{6B71CD8E-355B-43F0-ACAD-219CC33FE316}.Debug|Any CPU.Build.0 = Debug|Any CPU
		{6B71CD8E-355B-43F0-ACAD-219CC33FE316}.Release|Any CPU.ActiveCfg = Release|Any CPU
		{6B71CD8E-355B-43F0-ACAD-219CC33FE316}.Release|Any CPU.Build.0 = Release|Any CPU
	EndGlobalSection
	GlobalSection(SolutionProperties) = preSolution
		HideSolutionNode = FALSE
	EndGlobalSection
	GlobalSection(ExtensibilityGlobals) = postSolution
		SolutionGuid = {40044D67-5EDD-4AF1-A9E9-1C1D472C712F}
	EndGlobalSection
EndGlobal
